
Microsoft Visual Studio Solution File, Format Version 12.00
# Visual Studio Version 17
VisualStudioVersion = 17.1.32328.378
MinimumVisualStudioVersion = 10.0.40219.1
Project("{9A19103F-16F7-4668-BE54-9A1E7A4F7556}") = "API", "API\API.csproj", "{4B7E4D18-D4D8-475F-A2A3-B18C17C7CC52}"
EndProject
Project("{2150E333-8FDC-42A3-9474-1A3956D46DE8}") = "Hosts", "Hosts", "{89CD6B5B-DA03-4A0F-948F-0C60F87653EA}"
EndProject
Project("{FAE04EC0-301F-11D3-BF4B-00C04F79EFBC}") = "API.Migrations", "API.Migrations\API.Migrations.csproj", "{ACE8C879-9D69-4AF7-8614-7D7CBFA3E672}"
EndProject
Project("{2150E333-8FDC-42A3-9474-1A3956D46DE8}") = "Application", "Application", "{DB251AE0-5728-461A-A2A6-F69FB1D6DCEC}"
EndProject
Project("{2150E333-8FDC-42A3-9474-1A3956D46DE8}") = "Domain", "Domain", "{C8ACCED7-91B7-4425-885B-919F0D45B9EE}"
EndProject
Project("{2150E333-8FDC-42A3-9474-1A3956D46DE8}") = "Infrastructure", "Infrastructure", "{D40814C6-BC78-46CB-AE32-FE5430F0B942}"
EndProject
Project("{FAE04EC0-301F-11D3-BF4B-00C04F79EFBC}") = "API.AppServices", "API.AppServices\API.AppServices.csproj", "{DB566B38-64B2-401B-9781-CE3BF4AA202F}"
EndProject
Project("{FAE04EC0-301F-11D3-BF4B-00C04F79EFBC}") = "API.Domain", "API.Domain\API.Domain.csproj", "{C1EECD57-0E9C-43C1-89F8-6353DCF43BD7}"
EndProject
Project("{2150E333-8FDC-42A3-9474-1A3956D46DE8}") = "Contracts", "Contracts", "{E1FDDFF7-0DE4-46B4-AE33-0014A9618CD6}"
EndProject
Project("{FAE04EC0-301F-11D3-BF4B-00C04F79EFBC}") = "API.Contracts", "API.Contracts\API.Contracts.csproj", "{F165B13E-6EBB-4306-9980-1315664A11D1}"
EndProject
Project("{FAE04EC0-301F-11D3-BF4B-00C04F79EFBC}") = "API.Infrastructure", "API.Infrastructure\API.Infrastructure.csproj", "{5D1F7934-E3F9-4A6F-B95C-2ACC62594D5A}"
EndProject
Project("{FAE04EC0-301F-11D3-BF4B-00C04F79EFBC}") = "API.DataAccess", "API.DataAccess\API.DataAccess.csproj", "{BB6EFD67-8325-4BE6-973E-413634002EFC}"
EndProject
Project("{FAE04EC0-301F-11D3-BF4B-00C04F79EFBC}") = "API.Mapper", "API.Mapper\API.Mapper.csproj", "{66E2BAE9-2C6F-4DDA-ABF6-351C568C81CA}"
EndProject
Global
	GlobalSection(SolutionConfigurationPlatforms) = preSolution
		Debug|Any CPU = Debug|Any CPU
		Release|Any CPU = Release|Any CPU
	EndGlobalSection
	GlobalSection(ProjectConfigurationPlatforms) = postSolution
		{4B7E4D18-D4D8-475F-A2A3-B18C17C7CC52}.Debug|Any CPU.ActiveCfg = Debug|Any CPU
		{4B7E4D18-D4D8-475F-A2A3-B18C17C7CC52}.Debug|Any CPU.Build.0 = Debug|Any CPU
		{4B7E4D18-D4D8-475F-A2A3-B18C17C7CC52}.Release|Any CPU.ActiveCfg = Release|Any CPU
		{4B7E4D18-D4D8-475F-A2A3-B18C17C7CC52}.Release|Any CPU.Build.0 = Release|Any CPU
		{ACE8C879-9D69-4AF7-8614-7D7CBFA3E672}.Debug|Any CPU.ActiveCfg = Debug|Any CPU
		{ACE8C879-9D69-4AF7-8614-7D7CBFA3E672}.Debug|Any CPU.Build.0 = Debug|Any CPU
		{ACE8C879-9D69-4AF7-8614-7D7CBFA3E672}.Release|Any CPU.ActiveCfg = Release|Any CPU
		{ACE8C879-9D69-4AF7-8614-7D7CBFA3E672}.Release|Any CPU.Build.0 = Release|Any CPU
		{DB566B38-64B2-401B-9781-CE3BF4AA202F}.Debug|Any CPU.ActiveCfg = Debug|Any CPU
		{DB566B38-64B2-401B-9781-CE3BF4AA202F}.Debug|Any CPU.Build.0 = Debug|Any CPU
		{DB566B38-64B2-401B-9781-CE3BF4AA202F}.Release|Any CPU.ActiveCfg = Release|Any CPU
		{DB566B38-64B2-401B-9781-CE3BF4AA202F}.Release|Any CPU.Build.0 = Release|Any CPU
		{C1EECD57-0E9C-43C1-89F8-6353DCF43BD7}.Debug|Any CPU.ActiveCfg = Debug|Any CPU
		{C1EECD57-0E9C-43C1-89F8-6353DCF43BD7}.Debug|Any CPU.Build.0 = Debug|Any CPU
		{C1EECD57-0E9C-43C1-89F8-6353DCF43BD7}.Release|Any CPU.ActiveCfg = Release|Any CPU
		{C1EECD57-0E9C-43C1-89F8-6353DCF43BD7}.Release|Any CPU.Build.0 = Release|Any CPU
		{F165B13E-6EBB-4306-9980-1315664A11D1}.Debug|Any CPU.ActiveCfg = Debug|Any CPU
		{F165B13E-6EBB-4306-9980-1315664A11D1}.Debug|Any CPU.Build.0 = Debug|Any CPU
		{F165B13E-6EBB-4306-9980-1315664A11D1}.Release|Any CPU.ActiveCfg = Release|Any CPU
		{F165B13E-6EBB-4306-9980-1315664A11D1}.Release|Any CPU.Build.0 = Release|Any CPU
		{5D1F7934-E3F9-4A6F-B95C-2ACC62594D5A}.Debug|Any CPU.ActiveCfg = Debug|Any CPU
		{5D1F7934-E3F9-4A6F-B95C-2ACC62594D5A}.Debug|Any CPU.Build.0 = Debug|Any CPU
		{5D1F7934-E3F9-4A6F-B95C-2ACC62594D5A}.Release|Any CPU.ActiveCfg = Release|Any CPU
		{5D1F7934-E3F9-4A6F-B95C-2ACC62594D5A}.Release|Any CPU.Build.0 = Release|Any CPU
		{BB6EFD67-8325-4BE6-973E-413634002EFC}.Debug|Any CPU.ActiveCfg = Debug|Any CPU
		{BB6EFD67-8325-4BE6-973E-413634002EFC}.Debug|Any CPU.Build.0 = Debug|Any CPU
		{BB6EFD67-8325-4BE6-973E-413634002EFC}.Release|Any CPU.ActiveCfg = Release|Any CPU
		{BB6EFD67-8325-4BE6-973E-413634002EFC}.Release|Any CPU.Build.0 = Release|Any CPU
		{66E2BAE9-2C6F-4DDA-ABF6-351C568C81CA}.Debug|Any CPU.ActiveCfg = Debug|Any CPU
		{66E2BAE9-2C6F-4DDA-ABF6-351C568C81CA}.Debug|Any CPU.Build.0 = Debug|Any CPU
		{66E2BAE9-2C6F-4DDA-ABF6-351C568C81CA}.Release|Any CPU.ActiveCfg = Release|Any CPU
		{66E2BAE9-2C6F-4DDA-ABF6-351C568C81CA}.Release|Any CPU.Build.0 = Release|Any CPU
	EndGlobalSection
	GlobalSection(SolutionProperties) = preSolution
		HideSolutionNode = FALSE
	EndGlobalSection
	GlobalSection(NestedProjects) = preSolution
		{4B7E4D18-D4D8-475F-A2A3-B18C17C7CC52} = {89CD6B5B-DA03-4A0F-948F-0C60F87653EA}
		{ACE8C879-9D69-4AF7-8614-7D7CBFA3E672} = {89CD6B5B-DA03-4A0F-948F-0C60F87653EA}
		{DB566B38-64B2-401B-9781-CE3BF4AA202F} = {DB251AE0-5728-461A-A2A6-F69FB1D6DCEC}
		{C1EECD57-0E9C-43C1-89F8-6353DCF43BD7} = {C8ACCED7-91B7-4425-885B-919F0D45B9EE}
		{F165B13E-6EBB-4306-9980-1315664A11D1} = {E1FDDFF7-0DE4-46B4-AE33-0014A9618CD6}
		{5D1F7934-E3F9-4A6F-B95C-2ACC62594D5A} = {D40814C6-BC78-46CB-AE32-FE5430F0B942}
		{BB6EFD67-8325-4BE6-973E-413634002EFC} = {D40814C6-BC78-46CB-AE32-FE5430F0B942}
		{66E2BAE9-2C6F-4DDA-ABF6-351C568C81CA} = {D40814C6-BC78-46CB-AE32-FE5430F0B942}
	EndGlobalSection
	GlobalSection(ExtensibilityGlobals) = postSolution
		SolutionGuid = {A11B1CCD-5C4D-4ADE-B21C-83D6B8954C46}
	EndGlobalSection
EndGlobal
